
Microsoft Visual Studio Solution File, Format Version 12.00
# Visual Studio 15
VisualStudioVersion = 15.0.28307.902
MinimumVisualStudioVersion = 10.0.40219.1
Project("{9A19103F-16F7-4668-BE54-9A1E7A4F7556}") = "PrepTalk-GI-WebSocket", "ATPrep\PrepTalk-GI-WebSocket.csproj", "{B2E3B202-23F1-48DB-8A61-98365BE75890}"
EndProject
Global
	GlobalSection(SolutionConfigurationPlatforms) = preSolution
		Debug|Any CPU = Debug|Any CPU
		Release|Any CPU = Release|Any CPU
	EndGlobalSection
	GlobalSection(ProjectConfigurationPlatforms) = postSolution
		{B2E3B202-23F1-48DB-8A61-98365BE75890}.Debug|Any CPU.ActiveCfg = Debug|Any CPU
		{B2E3B202-23F1-48DB-8A61-98365BE75890}.Debug|Any CPU.Build.0 = Debug|Any CPU
		{B2E3B202-23F1-48DB-8A61-98365BE75890}.Release|Any CPU.ActiveCfg = Release|Any CPU
		{B2E3B202-23F1-48DB-8A61-98365BE75890}.Release|Any CPU.Build.0 = Release|Any CPU
	EndGlobalSection
	GlobalSection(SolutionProperties) = preSolution
		HideSolutionNode = FALSE
	EndGlobalSection
	GlobalSection(ExtensibilityGlobals) = postSolution
		SolutionGuid = {15536215-7861-45A2-8506-4AAEF2F8DEB3}
	EndGlobalSection
EndGlobal
